Microsoft Visual Studio Solution File, Format Version 12.00
# Visual Studio Version 17
VisualStudioVersion = 17.5.2.0
MinimumVisualStudioVersion = 10.0.40219.1
Project("{FAE04EC0-301F-11D3-BF4B-00C04F79EFBC}") = "Day5ReviewApi", "Day5ReviewApi.csproj", "{EEC67D9A-032B-9A71-1428-E7E19A3AD95D}"
EndProject
Global
	GlobalSection(SolutionConfigurationPlatforms) = preSolution
		Debug|Any CPU = Debug|Any CPU
		Release|Any CPU = Release|Any CPU
	EndGlobalSection
	GlobalSection(ProjectConfigurationPlatforms) = postSolution
		{EEC67D9A-032B-9A71-1428-E7E19A3AD95D}.Debug|Any CPU.ActiveCfg = Debug|Any CPU
		{EEC67D9A-032B-9A71-1428-E7E19A3AD95D}.Debug|Any CPU.Build.0 = Debug|Any CPU
		{EEC67D9A-032B-9A71-1428-E7E19A3AD95D}.Release|Any CPU.ActiveCfg = Release|Any CPU
		{EEC67D9A-032B-9A71-1428-E7E19A3AD95D}.Release|Any CPU.Build.0 = Release|Any CPU
	EndGlobalSection
	GlobalSection(SolutionProperties) = preSolution
		HideSolutionNode = FALSE
	EndGlobalSection
	GlobalSection(ExtensibilityGlobals) = postSolution
		SolutionGuid = {C055D3A8-E8F7-492B-A2E6-7BCFA6CC626B}
	EndGlobalSection
EndGlobal
